
Microsoft Visual Studio Solution File, Format Version 12.00
# Visual Studio Version 16
VisualStudioVersion = 16.0.29613.14
MinimumVisualStudioVersion = 10.0.40219.1
Project("{9A19103F-16F7-4668-BE54-9A1E7A4F7556}") = "MortgageCalculator", "MortgageCalculator\MortgageCalculator.csproj", "{73B66DA5-B021-4F50-A55C-909F1CE0E75E}"
EndProject
Project("{9A19103F-16F7-4668-BE54-9A1E7A4F7556}") = "MortgageCalculatorWebApp", "MortgageCalculatorWebApp\MortgageCalculatorWebApp.csproj", "{7E4214B5-A902-4AEA-9B62-B1F5B9E74854}"
EndProject
Project("{9A19103F-16F7-4668-BE54-9A1E7A4F7556}") = "MortgageCalculatorWPFApp", "MortgageCalculatorWPFApp\MortgageCalculatorWPFApp.csproj", "{3EC904D4-C387-451C-9CED-8C60D067CB0B}"
EndProject
Project("{FAE04EC0-301F-11D3-BF4B-00C04F79EFBC}") = "MCalcMobile.Android", "MCalcMobile\MCalcMobile.Android\MCalcMobile.Android.csproj", "{0F316B93-CC81-4BF3-B9D2-33F2CA717FC8}"
EndProject
Project("{FAE04EC0-301F-11D3-BF4B-00C04F79EFBC}") = "MCalcMobile.iOS", "MCalcMobile\MCalcMobile.iOS\MCalcMobile.iOS.csproj", "{F9EA1E25-5B58-40FB-BE3D-8C94AE0F4DB3}"
EndProject
Project("{FAE04EC0-301F-11D3-BF4B-00C04F79EFBC}") = "MCalcMobile", "MCalcMobile\MCalcMobile\MCalcMobile.csproj", "{2D149D64-B9A5-4673-AAFB-3028CB3DE763}"
EndProject
Global
	GlobalSection(SolutionConfigurationPlatforms) = preSolution
		Debug|Any CPU = Debug|Any CPU
		Debug|iPhone = Debug|iPhone
		Debug|iPhoneSimulator = Debug|iPhoneSimulator
		Release|Any CPU = Release|Any CPU
		Release|iPhone = Release|iPhone
		Release|iPhoneSimulator = Release|iPhoneSimulator
	EndGlobalSection
	GlobalSection(ProjectConfigurationPlatforms) = postSolution
		{73B66DA5-B021-4F50-A55C-909F1CE0E75E}.Debug|Any CPU.ActiveCfg = Debug|Any CPU
		{73B66DA5-B021-4F50-A55C-909F1CE0E75E}.Debug|Any CPU.Build.0 = Debug|Any CPU
		{73B66DA5-B021-4F50-A55C-909F1CE0E75E}.Debug|iPhone.ActiveCfg = Debug|Any CPU
		{73B66DA5-B021-4F50-A55C-909F1CE0E75E}.Debug|iPhone.Build.0 = Debug|Any CPU
		{73B66DA5-B021-4F50-A55C-909F1CE0E75E}.Debug|iPhoneSimulator.ActiveCfg = Debug|Any CPU
		{73B66DA5-B021-4F50-A55C-909F1CE0E75E}.Debug|iPhoneSimulator.Build.0 = Debug|Any CPU
		{73B66DA5-B021-4F50-A55C-909F1CE0E75E}.Release|Any CPU.ActiveCfg = Release|Any CPU
		{73B66DA5-B021-4F50-A55C-909F1CE0E75E}.Release|Any CPU.Build.0 = Release|Any CPU
		{73B66DA5-B021-4F50-A55C-909F1CE0E75E}.Release|iPhone.ActiveCfg = Release|Any CPU
		{73B66DA5-B021-4F50-A55C-909F1CE0E75E}.Release|iPhone.Build.0 = Release|Any CPU
		{73B66DA5-B021-4F50-A55C-909F1CE0E75E}.Release|iPhoneSimulator.ActiveCfg = Release|Any CPU
		{73B66DA5-B021-4F50-A55C-909F1CE0E75E}.Release|iPhoneSimulator.Build.0 = Release|Any CPU
		{7E4214B5-A902-4AEA-9B62-B1F5B9E74854}.Debug|Any CPU.ActiveCfg = Debug|Any CPU
		{7E4214B5-A902-4AEA-9B62-B1F5B9E74854}.Debug|Any CPU.Build.0 = Debug|Any CPU
		{7E4214B5-A902-4AEA-9B62-B1F5B9E74854}.Debug|iPhone.ActiveCfg = Debug|Any CPU
		{7E4214B5-A902-4AEA-9B62-B1F5B9E74854}.Debug|iPhone.Build.0 = Debug|Any CPU
		{7E4214B5-A902-4AEA-9B62-B1F5B9E74854}.Debug|iPhoneSimulator.ActiveCfg = Debug|Any CPU
		{7E4214B5-A902-4AEA-9B62-B1F5B9E74854}.Debug|iPhoneSimulator.Build.0 = Debug|Any CPU
		{7E4214B5-A902-4AEA-9B62-B1F5B9E74854}.Release|Any CPU.ActiveCfg = Release|Any CPU
		{7E4214B5-A902-4AEA-9B62-B1F5B9E74854}.Release|Any CPU.Build.0 = Release|Any CPU
		{7E4214B5-A902-4AEA-9B62-B1F5B9E74854}.Release|iPhone.ActiveCfg = Release|Any CPU
		{7E4214B5-A902-4AEA-9B62-B1F5B9E74854}.Release|iPhone.Build.0 = Release|Any CPU
		{7E4214B5-A902-4AEA-9B62-B1F5B9E74854}.Release|iPhoneSimulator.ActiveCfg = Release|Any CPU
		{7E4214B5-A902-4AEA-9B62-B1F5B9E74854}.Release|iPhoneSimulator.Build.0 = Release|Any CPU
		{3EC904D4-C387-451C-9CED-8C60D067CB0B}.Debug|Any CPU.ActiveCfg = Debug|Any CPU
		{3EC904D4-C387-451C-9CED-8C60D067CB0B}.Debug|Any CPU.Build.0 = Debug|Any CPU
		{3EC904D4-C387-451C-9CED-8C60D067CB0B}.Debug|iPhone.ActiveCfg = Debug|Any CPU
		{3EC904D4-C387-451C-9CED-8C60D067CB0B}.Debug|iPhone.Build.0 = Debug|Any CPU
		{3EC904D4-C387-451C-9CED-8C60D067CB0B}.Debug|iPhoneSimulator.ActiveCfg = Debug|Any CPU
		{3EC904D4-C387-451C-9CED-8C60D067CB0B}.Debug|iPhoneSimulator.Build.0 = Debug|Any CPU
		{3EC904D4-C387-451C-9CED-8C60D067CB0B}.Release|Any CPU.ActiveCfg = Release|Any CPU
		{3EC904D4-C387-451C-9CED-8C60D067CB0B}.Release|Any CPU.Build.0 = Release|Any CPU
		{3EC904D4-C387-451C-9CED-8C60D067CB0B}.Release|iPhone.ActiveCfg = Release|Any CPU
		{3EC904D4-C387-451C-9CED-8C60D067CB0B}.Release|iPhone.Build.0 = Release|Any CPU
		{3EC904D4-C387-451C-9CED-8C60D067CB0B}.Release|iPhoneSimulator.ActiveCfg = Release|Any CPU
		{3EC904D4-C387-451C-9CED-8C60D067CB0B}.Release|iPhoneSimulator.Build.0 = Release|Any CPU
		{0F316B93-CC81-4BF3-B9D2-33F2CA717FC8}.Debug|Any CPU.ActiveCfg = Debug|Any CPU
		{0F316B93-CC81-4BF3-B9D2-33F2CA717FC8}.Debug|Any CPU.Build.0 = Debug|Any CPU
		{0F316B93-CC81-4BF3-B9D2-33F2CA717FC8}.Debug|Any CPU.Deploy.0 = Debug|Any CPU
		{0F316B93-CC81-4BF3-B9D2-33F2CA717FC8}.Debug|iPhone.ActiveCfg = Debug|Any CPU
		{0F316B93-CC81-4BF3-B9D2-33F2CA717FC8}.Debug|iPhone.Build.0 = Debug|Any CPU
		{0F316B93-CC81-4BF3-B9D2-33F2CA717FC8}.Debug|iPhone.Deploy.0 = Debug|Any CPU
		{0F316B93-CC81-4BF3-B9D2-33F2CA717FC8}.Debug|iPhoneSimulator.ActiveCfg = Debug|Any CPU
		{0F316B93-CC81-4BF3-B9D2-33F2CA717FC8}.Debug|iPhoneSimulator.Build.0 = Debug|Any CPU
		{0F316B93-CC81-4BF3-B9D2-33F2CA717FC8}.Debug|iPhoneSimulator.Deploy.0 = Debug|Any CPU
		{0F316B93-CC81-4BF3-B9D2-33F2CA717FC8}.Release|Any CPU.ActiveCfg = Release|Any CPU
		{0F316B93-CC81-4BF3-B9D2-33F2CA717FC8}.Release|Any CPU.Build.0 = Release|Any CPU
		{0F316B93-CC81-4BF3-B9D2-33F2CA717FC8}.Release|Any CPU.Deploy.0 = Release|Any CPU
		{0F316B93-CC81-4BF3-B9D2-33F2CA717FC8}.Release|iPhone.ActiveCfg = Release|Any CPU
		{0F316B93-CC81-4BF3-B9D2-33F2CA717FC8}.Release|iPhone.Build.0 = Release|Any CPU
		{0F316B93-CC81-4BF3-B9D2-33F2CA717FC8}.Release|iPhone.Deploy.0 = Release|Any CPU
		{0F316B93-CC81-4BF3-B9D2-33F2CA717FC8}.Release|iPhoneSimulator.ActiveCfg = Release|Any CPU
		{0F316B93-CC81-4BF3-B9D2-33F2CA717FC8}.Release|iPhoneSimulator.Build.0 = Release|Any CPU
		{0F316B93-CC81-4BF3-B9D2-33F2CA717FC8}.Release|iPhoneSimulator.Deploy.0 = Release|Any CPU
		{F9EA1E25-5B58-40FB-BE3D-8C94AE0F4DB3}.Debug|Any CPU.ActiveCfg = Debug|iPhone
		{F9EA1E25-5B58-40FB-BE3D-8C94AE0F4DB3}.Debug|iPhone.ActiveCfg = Debug|iPhone
		{F9EA1E25-5B58-40FB-BE3D-8C94AE0F4DB3}.Debug|iPhone.Build.0 = Debug|iPhone
		{F9EA1E25-5B58-40FB-BE3D-8C94AE0F4DB3}.Debug|iPhoneSimulator.ActiveCfg = Debug|iPhoneSimulator
		{F9EA1E25-5B58-40FB-BE3D-8C94AE0F4DB3}.Debug|iPhoneSimulator.Build.0 = Debug|iPhoneSimulator
		{F9EA1E25-5B58-40FB-BE3D-8C94AE0F4DB3}.Release|Any CPU.ActiveCfg = Release|iPhone
		{F9EA1E25-5B58-40FB-BE3D-8C94AE0F4DB3}.Release|iPhone.ActiveCfg = Release|iPhone
		{F9EA1E25-5B58-40FB-BE3D-8C94AE0F4DB3}.Release|iPhone.Build.0 = Release|iPhone
		{F9EA1E25-5B58-40FB-BE3D-8C94AE0F4DB3}.Release|iPhoneSimulator.ActiveCfg = Release|iPhoneSimulator
		{F9EA1E25-5B58-40FB-BE3D-8C94AE0F4DB3}.Release|iPhoneSimulator.Build.0 = Release|iPhoneSimulator
		{2D149D64-B9A5-4673-AAFB-3028CB3DE763}.Debug|Any CPU.ActiveCfg = Debug|Any CPU
		{2D149D64-B9A5-4673-AAFB-3028CB3DE763}.Debug|Any CPU.Build.0 = Debug|Any CPU
		{2D149D64-B9A5-4673-AAFB-3028CB3DE763}.Debug|iPhone.ActiveCfg = Debug|Any CPU
		{2D149D64-B9A5-4673-AAFB-3028CB3DE763}.Debug|iPhone.Build.0 = Debug|Any CPU
		{2D149D64-B9A5-4673-AAFB-3028CB3DE763}.Debug|iPhoneSimulator.ActiveCfg = Debug|Any CPU
		{2D149D64-B9A5-4673-AAFB-3028CB3DE763}.Debug|iPhoneSimulator.Build.0 = Debug|Any CPU
		{2D149D64-B9A5-4673-AAFB-3028CB3DE763}.Release|Any CPU.ActiveCfg = Release|Any CPU
		{2D149D64-B9A5-4673-AAFB-3028CB3DE763}.Release|Any CPU.Build.0 = Release|Any CPU
		{2D149D64-B9A5-4673-AAFB-3028CB3DE763}.Release|iPhone.ActiveCfg = Release|Any CPU
		{2D149D64-B9A5-4673-AAFB-3028CB3DE763}.Release|iPhone.Build.0 = Release|Any CPU
		{2D149D64-B9A5-4673-AAFB-3028CB3DE763}.Release|iPhoneSimulator.ActiveCfg = Release|Any CPU
		{2D149D64-B9A5-4673-AAFB-3028CB3DE763}.Release|iPhoneSimulator.Build.0 = Release|Any CPU
	EndGlobalSection
	GlobalSection(SolutionProperties) = preSolution
		HideSolutionNode = FALSE
	EndGlobalSection
	GlobalSection(ExtensibilityGlobals) = postSolution
		SolutionGuid = {E96BE67A-4A07-4EAE-999F-14BF13DE464B}
	EndGlobalSection
EndGlobal
